
Microsoft Visual Studio Solution File, Format Version 12.00
# Visual Studio Version 17
VisualStudioVersion = 17.7.34024.191
MinimumVisualStudioVersion = 10.0.40219.1
Project("{9A19103F-16F7-4668-BE54-9A1E7A4F7556}") = "GestionMedecin", "GestionMedecin.csproj", "{77656489-4A24-456C-AE1A-5A6910DB2C84}"
EndProject
Global
	GlobalSection(SolutionConfigurationPlatforms) = preSolution
		Debug|Any CPU = Debug|Any CPU
		Release|Any CPU = Release|Any CPU
	EndGlobalSection
	GlobalSection(ProjectConfigurationPlatforms) = postSolution
		{77656489-4A24-456C-AE1A-5A6910DB2C84}.Debug|Any CPU.ActiveCfg = Debug|Any CPU
		{77656489-4A24-456C-AE1A-5A6910DB2C84}.Debug|Any CPU.Build.0 = Debug|Any CPU
		{77656489-4A24-456C-AE1A-5A6910DB2C84}.Release|Any CPU.ActiveCfg = Release|Any CPU
		{77656489-4A24-456C-AE1A-5A6910DB2C84}.Release|Any CPU.Build.0 = Release|Any CPU
	EndGlobalSection
	GlobalSection(SolutionProperties) = preSolution
		HideSolutionNode = FALSE
	EndGlobalSection
	GlobalSection(ExtensibilityGlobals) = postSolution
		SolutionGuid = {834D1073-F972-44A4-BD2D-F0CB93CD953C}
	EndGlobalSection
EndGlobal
